
Microsoft Visual Studio Solution File, Format Version 12.00
# Visual Studio 14
VisualStudioVersion = 14.0.25420.1
MinimumVisualStudioVersion = 10.0.40219.1
Project("{FAE04EC0-301F-11D3-BF4B-00C04F79EFBC}") = "AndroidMultitap", "AndroidMultitap\AndroidMultitap\AndroidMultitap.csproj", "{6E70AD58-6AAB-48D7-AF78-79DD7C5AF6D2}"
EndProject
Project("{FAE04EC0-301F-11D3-BF4B-00C04F79EFBC}") = "AndroidMultitap.Droid", "AndroidMultitap\AndroidMultitap.Droid\AndroidMultitap.Droid.csproj", "{F81EBACA-7DA3-47F7-9A1D-E155D3FD3E4C}"
EndProject
Project("{FAE04EC0-301F-11D3-BF4B-00C04F79EFBC}") = "AndroidMultitap.iOS", "AndroidMultitap\AndroidMultitap.iOS\AndroidMultitap.iOS.csproj", "{CDA469EE-1C67-4277-8F2F-8385DAD1BE2C}"
EndProject
Global
	GlobalSection(SolutionConfigurationPlatforms) = preSolution
		Ad-Hoc|Any CPU = Ad-Hoc|Any CPU
		Ad-Hoc|ARM = Ad-Hoc|ARM
		Ad-Hoc|iPhone = Ad-Hoc|iPhone
		Ad-Hoc|iPhoneSimulator = Ad-Hoc|iPhoneSimulator
		Ad-Hoc|x64 = Ad-Hoc|x64
		Ad-Hoc|x86 = Ad-Hoc|x86
		AppStore|Any CPU = AppStore|Any CPU
		AppStore|ARM = AppStore|ARM
		AppStore|iPhone = AppStore|iPhone
		AppStore|iPhoneSimulator = AppStore|iPhoneSimulator
		AppStore|x64 = AppStore|x64
		AppStore|x86 = AppStore|x86
		Debug|Any CPU = Debug|Any CPU
		Debug|ARM = Debug|ARM
		Debug|iPhone = Debug|iPhone
		Debug|iPhoneSimulator = Debug|iPhoneSimulator
		Debug|x64 = Debug|x64
		Debug|x86 = Debug|x86
		Release|Any CPU = Release|Any CPU
		Release|ARM = Release|ARM
		Release|iPhone = Release|iPhone
		Release|iPhoneSimulator = Release|iPhoneSimulator
		Release|x64 = Release|x64
		Release|x86 = Release|x86
	EndGlobalSection
	GlobalSection(ProjectConfigurationPlatforms) = postSolution
		{6E70AD58-6AAB-48D7-AF78-79DD7C5AF6D2}.Ad-Hoc|Any CPU.ActiveCfg = Release|Any CPU
		{6E70AD58-6AAB-48D7-AF78-79DD7C5AF6D2}.Ad-Hoc|Any CPU.Build.0 = Release|Any CPU
		{6E70AD58-6AAB-48D7-AF78-79DD7C5AF6D2}.Ad-Hoc|ARM.ActiveCfg = Release|Any CPU
		{6E70AD58-6AAB-48D7-AF78-79DD7C5AF6D2}.Ad-Hoc|ARM.Build.0 = Release|Any CPU
		{6E70AD58-6AAB-48D7-AF78-79DD7C5AF6D2}.Ad-Hoc|iPhone.ActiveCfg = Release|Any CPU
		{6E70AD58-6AAB-48D7-AF78-79DD7C5AF6D2}.Ad-Hoc|iPhone.Build.0 = Release|Any CPU
		{6E70AD58-6AAB-48D7-AF78-79DD7C5AF6D2}.Ad-Hoc|iPhoneSimulator.ActiveCfg = Release|Any CPU
		{6E70AD58-6AAB-48D7-AF78-79DD7C5AF6D2}.Ad-Hoc|iPhoneSimulator.Build.0 = Release|Any CPU
		{6E70AD58-6AAB-48D7-AF78-79DD7C5AF6D2}.Ad-Hoc|x64.ActiveCfg = Release|Any CPU
		{6E70AD58-6AAB-48D7-AF78-79DD7C5AF6D2}.Ad-Hoc|x64.Build.0 = Release|Any CPU
		{6E70AD58-6AAB-48D7-AF78-79DD7C5AF6D2}.Ad-Hoc|x86.ActiveCfg = Release|Any CPU
		{6E70AD58-6AAB-48D7-AF78-79DD7C5AF6D2}.Ad-Hoc|x86.Build.0 = Release|Any CPU
		{6E70AD58-6AAB-48D7-AF78-79DD7C5AF6D2}.AppStore|Any CPU.ActiveCfg = Release|Any CPU
		{6E70AD58-6AAB-48D7-AF78-79DD7C5AF6D2}.AppStore|Any CPU.Build.0 = Release|Any CPU
		{6E70AD58-6AAB-48D7-AF78-79DD7C5AF6D2}.AppStore|ARM.ActiveCfg = Release|Any CPU
		{6E70AD58-6AAB-48D7-AF78-79DD7C5AF6D2}.AppStore|ARM.Build.0 = Release|Any CPU
		{6E70AD58-6AAB-48D7-AF78-79DD7C5AF6D2}.AppStore|iPhone.ActiveCfg = Release|Any CPU
		{6E70AD58-6AAB-48D7-AF78-79DD7C5AF6D2}.AppStore|iPhone.Build.0 = Release|Any CPU
		{6E70AD58-6AAB-48D7-AF78-79DD7C5AF6D2}.AppStore|iPhoneSimulator.ActiveCfg = Release|Any CPU
		{6E70AD58-6AAB-48D7-AF78-79DD7C5AF6D2}.AppStore|iPhoneSimulator.Build.0 = Release|Any CPU
		{6E70AD58-6AAB-48D7-AF78-79DD7C5AF6D2}.AppStore|x64.ActiveCfg = Release|Any CPU
		{6E70AD58-6AAB-48D7-AF78-79DD7C5AF6D2}.AppStore|x64.Build.0 = Release|Any CPU
		{6E70AD58-6AAB-48D7-AF78-79DD7C5AF6D2}.AppStore|x86.ActiveCfg = Release|Any CPU
		{6E70AD58-6AAB-48D7-AF78-79DD7C5AF6D2}.AppStore|x86.Build.0 = Release|Any CPU
		{6E70AD58-6AAB-48D7-AF78-79DD7C5AF6D2}.Debug|Any CPU.ActiveCfg = Debug|Any CPU
		{6E70AD58-6AAB-48D7-AF78-79DD7C5AF6D2}.Debug|Any CPU.Build.0 = Debug|Any CPU
		{6E70AD58-6AAB-48D7-AF78-79DD7C5AF6D2}.Debug|ARM.ActiveCfg = Debug|Any CPU
		{6E70AD58-6AAB-48D7-AF78-79DD7C5AF6D2}.Debug|ARM.Build.0 = Debug|Any CPU
		{6E70AD58-6AAB-48D7-AF78-79DD7C5AF6D2}.Debug|iPhone.ActiveCfg = Debug|Any CPU
		{6E70AD58-6AAB-48D7-AF78-79DD7C5AF6D2}.Debug|iPhone.Build.0 = Debug|Any CPU
		{6E70AD58-6AAB-48D7-AF78-79DD7C5AF6D2}.Debug|iPhoneSimulator.ActiveCfg = Debug|Any CPU
		{6E70AD58-6AAB-48D7-AF78-79DD7C5AF6D2}.Debug|iPhoneSimulator.Build.0 = Debug|Any CPU
		{6E70AD58-6AAB-48D7-AF78-79DD7C5AF6D2}.Debug|x64.ActiveCfg = Debug|Any CPU
		{6E70AD58-6AAB-48D7-AF78-79DD7C5AF6D2}.Debug|x64.Build.0 = Debug|Any CPU
		{6E70AD58-6AAB-48D7-AF78-79DD7C5AF6D2}.Debug|x86.ActiveCfg = Debug|Any CPU
		{6E70AD58-6AAB-48D7-AF78-79DD7C5AF6D2}.Debug|x86.Build.0 = Debug|Any CPU
		{6E70AD58-6AAB-48D7-AF78-79DD7C5AF6D2}.Release|Any CPU.ActiveCfg = Release|Any CPU
		{6E70AD58-6AAB-48D7-AF78-79DD7C5AF6D2}.Release|Any CPU.Build.0 = Release|Any CPU
		{6E70AD58-6AAB-48D7-AF78-79DD7C5AF6D2}.Release|ARM.ActiveCfg = Release|Any CPU
		{6E70AD58-6AAB-48D7-AF78-79DD7C5AF6D2}.Release|ARM.Build.0 = Release|Any CPU
		{6E70AD58-6AAB-48D7-AF78-79DD7C5AF6D2}.Release|iPhone.ActiveCfg = Release|Any CPU
		{6E70AD58-6AAB-48D7-AF78-79DD7C5AF6D2}.Release|iPhone.Build.0 = Release|Any CPU
		{6E70AD58-6AAB-48D7-AF78-79DD7C5AF6D2}.Release|iPhoneSimulator.ActiveCfg = Release|Any CPU
		{6E70AD58-6AAB-48D7-AF78-79DD7C5AF6D2}.Release|iPhoneSimulator.Build.0 = Release|Any CPU
		{6E70AD58-6AAB-48D7-AF78-79DD7C5AF6D2}.Release|x64.ActiveCfg = Release|Any CPU
		{6E70AD58-6AAB-48D7-AF78-79DD7C5AF6D2}.Release|x64.Build.0 = Release|Any CPU
		{6E70AD58-6AAB-48D7-AF78-79DD7C5AF6D2}.Release|x86.ActiveCfg = Release|Any CPU
		{6E70AD58-6AAB-48D7-AF78-79DD7C5AF6D2}.Release|x86.Build.0 = Release|Any CPU
		{F81EBACA-7DA3-47F7-9A1D-E155D3FD3E4C}.Ad-Hoc|Any CPU.ActiveCfg = Release|Any CPU
		{F81EBACA-7DA3-47F7-9A1D-E155D3FD3E4C}.Ad-Hoc|Any CPU.Build.0 = Release|Any CPU
		{F81EBACA-7DA3-47F7-9A1D-E155D3FD3E4C}.Ad-Hoc|Any CPU.Deploy.0 = Release|Any CPU
		{F81EBACA-7DA3-47F7-9A1D-E155D3FD3E4C}.Ad-Hoc|ARM.ActiveCfg = Release|Any CPU
		{F81EBACA-7DA3-47F7-9A1D-E155D3FD3E4C}.Ad-Hoc|ARM.Build.0 = Release|Any CPU
		{F81EBACA-7DA3-47F7-9A1D-E155D3FD3E4C}.Ad-Hoc|ARM.Deploy.0 = Release|Any CPU
		{F81EBACA-7DA3-47F7-9A1D-E155D3FD3E4C}.Ad-Hoc|iPhone.ActiveCfg = Release|Any CPU
		{F81EBACA-7DA3-47F7-9A1D-E155D3FD3E4C}.Ad-Hoc|iPhone.Build.0 = Release|Any CPU
		{F81EBACA-7DA3-47F7-9A1D-E155D3FD3E4C}.Ad-Hoc|iPhone.Deploy.0 = Release|Any CPU
		{F81EBACA-7DA3-47F7-9A1D-E155D3FD3E4C}.Ad-Hoc|iPhoneSimulator.ActiveCfg = Release|Any CPU
		{F81EBACA-7DA3-47F7-9A1D-E155D3FD3E4C}.Ad-Hoc|iPhoneSimulator.Build.0 = Release|Any CPU
		{F81EBACA-7DA3-47F7-9A1D-E155D3FD3E4C}.Ad-Hoc|iPhoneSimulator.Deploy.0 = Release|Any CPU
		{F81EBACA-7DA3-47F7-9A1D-E155D3FD3E4C}.Ad-Hoc|x64.ActiveCfg = Release|Any CPU
		{F81EBACA-7DA3-47F7-9A1D-E155D3FD3E4C}.Ad-Hoc|x64.Build.0 = Release|Any CPU
		{F81EBACA-7DA3-47F7-9A1D-E155D3FD3E4C}.Ad-Hoc|x64.Deploy.0 = Release|Any CPU
		{F81EBACA-7DA3-47F7-9A1D-E155D3FD3E4C}.Ad-Hoc|x86.ActiveCfg = Release|Any CPU
		{F81EBACA-7DA3-47F7-9A1D-E155D3FD3E4C}.Ad-Hoc|x86.Build.0 = Release|Any CPU
		{F81EBACA-7DA3-47F7-9A1D-E155D3FD3E4C}.Ad-Hoc|x86.Deploy.0 = Release|Any CPU
		{F81EBACA-7DA3-47F7-9A1D-E155D3FD3E4C}.AppStore|Any CPU.ActiveCfg = Release|Any CPU
		{F81EBACA-7DA3-47F7-9A1D-E155D3FD3E4C}.AppStore|Any CPU.Build.0 = Release|Any CPU
		{F81EBACA-7DA3-47F7-9A1D-E155D3FD3E4C}.AppStore|Any CPU.Deploy.0 = Release|Any CPU
		{F81EBACA-7DA3-47F7-9A1D-E155D3FD3E4C}.AppStore|ARM.ActiveCfg = Release|Any CPU
		{F81EBACA-7DA3-47F7-9A1D-E155D3FD3E4C}.AppStore|ARM.Build.0 = Release|Any CPU
		{F81EBACA-7DA3-47F7-9A1D-E155D3FD3E4C}.AppStore|ARM.Deploy.0 = Release|Any CPU
		{F81EBACA-7DA3-47F7-9A1D-E155D3FD3E4C}.AppStore|iPhone.ActiveCfg = Release|Any CPU
		{F81EBACA-7DA3-47F7-9A1D-E155D3FD3E4C}.AppStore|iPhone.Build.0 = Release|Any CPU
		{F81EBACA-7DA3-47F7-9A1D-E155D3FD3E4C}.AppStore|iPhone.Deploy.0 = Release|Any CPU
		{F81EBACA-7DA3-47F7-9A1D-E155D3FD3E4C}.AppStore|iPhoneSimulator.ActiveCfg = Release|Any CPU
		{F81EBACA-7DA3-47F7-9A1D-E155D3FD3E4C}.AppStore|iPhoneSimulator.Build.0 = Release|Any CPU
		{F81EBACA-7DA3-47F7-9A1D-E155D3FD3E4C}.AppStore|iPhoneSimulator.Deploy.0 = Release|Any CPU
		{F81EBACA-7DA3-47F7-9A1D-E155D3FD3E4C}.AppStore|x64.ActiveCfg = Release|Any CPU
		{F81EBACA-7DA3-47F7-9A1D-E155D3FD3E4C}.AppStore|x64.Build.0 = Release|Any CPU
		{F81EBACA-7DA3-47F7-9A1D-E155D3FD3E4C}.AppStore|x64.Deploy.0 = Release|Any CPU
		{F81EBACA-7DA3-47F7-9A1D-E155D3FD3E4C}.AppStore|x86.ActiveCfg = Release|Any CPU
		{F81EBACA-7DA3-47F7-9A1D-E155D3FD3E4C}.AppStore|x86.Build.0 = Release|Any CPU
		{F81EBACA-7DA3-47F7-9A1D-E155D3FD3E4C}.AppStore|x86.Deploy.0 = Release|Any CPU
		{F81EBACA-7DA3-47F7-9A1D-E155D3FD3E4C}.Debug|Any CPU.ActiveCfg = Debug|Any CPU
		{F81EBACA-7DA3-47F7-9A1D-E155D3FD3E4C}.Debug|Any CPU.Build.0 = Debug|Any CPU
		{F81EBACA-7DA3-47F7-9A1D-E155D3FD3E4C}.Debug|Any CPU.Deploy.0 = Debug|Any CPU
		{F81EBACA-7DA3-47F7-9A1D-E155D3FD3E4C}.Debug|ARM.ActiveCfg = Debug|Any CPU
		{F81EBACA-7DA3-47F7-9A1D-E155D3FD3E4C}.Debug|ARM.Build.0 = Debug|Any CPU
		{F81EBACA-7DA3-47F7-9A1D-E155D3FD3E4C}.Debug|ARM.Deploy.0 = Debug|Any CPU
		{F81EBACA-7DA3-47F7-9A1D-E155D3FD3E4C}.Debug|iPhone.ActiveCfg = Debug|Any CPU
		{F81EBACA-7DA3-47F7-9A1D-E155D3FD3E4C}.Debug|iPhone.Build.0 = Debug|Any CPU
		{F81EBACA-7DA3-47F7-9A1D-E155D3FD3E4C}.Debug|iPhone.Deploy.0 = Debug|Any CPU
		{F81EBACA-7DA3-47F7-9A1D-E155D3FD3E4C}.Debug|iPhoneSimulator.ActiveCfg = Debug|Any CPU
		{F81EBACA-7DA3-47F7-9A1D-E155D3FD3E4C}.Debug|iPhoneSimulator.Build.0 = Debug|Any CPU
		{F81EBACA-7DA3-47F7-9A1D-E155D3FD3E4C}.Debug|iPhoneSimulator.Deploy.0 = Debug|Any CPU
		{F81EBACA-7DA3-47F7-9A1D-E155D3FD3E4C}.Debug|x64.ActiveCfg = Debug|Any CPU
		{F81EBACA-7DA3-47F7-9A1D-E155D3FD3E4C}.Debug|x64.Build.0 = Debug|Any CPU
		{F81EBACA-7DA3-47F7-9A1D-E155D3FD3E4C}.Debug|x64.Deploy.0 = Debug|Any CPU
		{F81EBACA-7DA3-47F7-9A1D-E155D3FD3E4C}.Debug|x86.ActiveCfg = Debug|Any CPU
		{F81EBACA-7DA3-47F7-9A1D-E155D3FD3E4C}.Debug|x86.Build.0 = Debug|Any CPU
		{F81EBACA-7DA3-47F7-9A1D-E155D3FD3E4C}.Debug|x86.Deploy.0 = Debug|Any CPU
		{F81EBACA-7DA3-47F7-9A1D-E155D3FD3E4C}.Release|Any CPU.ActiveCfg = Release|Any CPU
		{F81EBACA-7DA3-47F7-9A1D-E155D3FD3E4C}.Release|Any CPU.Build.0 = Release|Any CPU
		{F81EBACA-7DA3-47F7-9A1D-E155D3FD3E4C}.Release|Any CPU.Deploy.0 = Release|Any CPU
		{F81EBACA-7DA3-47F7-9A1D-E155D3FD3E4C}.Release|ARM.ActiveCfg = Release|Any CPU
		{F81EBACA-7DA3-47F7-9A1D-E155D3FD3E4C}.Release|ARM.Build.0 = Release|Any CPU
		{F81EBACA-7DA3-47F7-9A1D-E155D3FD3E4C}.Release|ARM.Deploy.0 = Release|Any CPU
		{F81EBACA-7DA3-47F7-9A1D-E155D3FD3E4C}.Release|iPhone.ActiveCfg = Release|Any CPU
		{F81EBACA-7DA3-47F7-9A1D-E155D3FD3E4C}.Release|iPhone.Build.0 = Release|Any CPU
		{F81EBACA-7DA3-47F7-9A1D-E155D3FD3E4C}.Release|iPhone.Deploy.0 = Release|Any CPU
		{F81EBACA-7DA3-47F7-9A1D-E155D3FD3E4C}.Release|iPhoneSimulator.ActiveCfg = Release|Any CPU
		{F81EBACA-7DA3-47F7-9A1D-E155D3FD3E4C}.Release|iPhoneSimulator.Build.0 = Release|Any CPU
		{F81EBACA-7DA3-47F7-9A1D-E155D3FD3E4C}.Release|iPhoneSimulator.Deploy.0 = Release|Any CPU
		{F81EBACA-7DA3-47F7-9A1D-E155D3FD3E4C}.Release|x64.ActiveCfg = Release|Any CPU
		{F81EBACA-7DA3-47F7-9A1D-E155D3FD3E4C}.Release|x64.Build.0 = Release|Any CPU
		{F81EBACA-7DA3-47F7-9A1D-E155D3FD3E4C}.Release|x64.Deploy.0 = Release|Any CPU
		{F81EBACA-7DA3-47F7-9A1D-E155D3FD3E4C}.Release|x86.ActiveCfg = Release|Any CPU
		{F81EBACA-7DA3-47F7-9A1D-E155D3FD3E4C}.Release|x86.Build.0 = Release|Any CPU
		{F81EBACA-7DA3-47F7-9A1D-E155D3FD3E4C}.Release|x86.Deploy.0 = Release|Any CPU
		{CDA469EE-1C67-4277-8F2F-8385DAD1BE2C}.Ad-Hoc|Any CPU.ActiveCfg = Ad-Hoc|iPhone
		{CDA469EE-1C67-4277-8F2F-8385DAD1BE2C}.Ad-Hoc|ARM.ActiveCfg = Ad-Hoc|iPhone
		{CDA469EE-1C67-4277-8F2F-8385DAD1BE2C}.Ad-Hoc|iPhone.ActiveCfg = Ad-Hoc|iPhone
		{CDA469EE-1C67-4277-8F2F-8385DAD1BE2C}.Ad-Hoc|iPhone.Build.0 = Ad-Hoc|iPhone
		{CDA469EE-1C67-4277-8F2F-8385DAD1BE2C}.Ad-Hoc|iPhoneSimulator.ActiveCfg = Ad-Hoc|iPhoneSimulator
		{CDA469EE-1C67-4277-8F2F-8385DAD1BE2C}.Ad-Hoc|iPhoneSimulator.Build.0 = Ad-Hoc|iPhoneSimulator
		{CDA469EE-1C67-4277-8F2F-8385DAD1BE2C}.Ad-Hoc|x64.ActiveCfg = Ad-Hoc|iPhone
		{CDA469EE-1C67-4277-8F2F-8385DAD1BE2C}.Ad-Hoc|x86.ActiveCfg = Ad-Hoc|iPhone
		{CDA469EE-1C67-4277-8F2F-8385DAD1BE2C}.AppStore|Any CPU.ActiveCfg = AppStore|iPhone
		{CDA469EE-1C67-4277-8F2F-8385DAD1BE2C}.AppStore|ARM.ActiveCfg = AppStore|iPhone
		{CDA469EE-1C67-4277-8F2F-8385DAD1BE2C}.AppStore|iPhone.ActiveCfg = AppStore|iPhone
		{CDA469EE-1C67-4277-8F2F-8385DAD1BE2C}.AppStore|iPhone.Build.0 = AppStore|iPhone
		{CDA469EE-1C67-4277-8F2F-8385DAD1BE2C}.AppStore|iPhoneSimulator.ActiveCfg = AppStore|iPhoneSimulator
		{CDA469EE-1C67-4277-8F2F-8385DAD1BE2C}.AppStore|iPhoneSimulator.Build.0 = AppStore|iPhoneSimulator
		{CDA469EE-1C67-4277-8F2F-8385DAD1BE2C}.AppStore|x64.ActiveCfg = AppStore|iPhone
		{CDA469EE-1C67-4277-8F2F-8385DAD1BE2C}.AppStore|x86.ActiveCfg = AppStore|iPhone
		{CDA469EE-1C67-4277-8F2F-8385DAD1BE2C}.Debug|Any CPU.ActiveCfg = Debug|iPhone
		{CDA469EE-1C67-4277-8F2F-8385DAD1BE2C}.Debug|ARM.ActiveCfg = Debug|iPhone
		{CDA469EE-1C67-4277-8F2F-8385DAD1BE2C}.Debug|iPhone.ActiveCfg = Debug|iPhone
		{CDA469EE-1C67-4277-8F2F-8385DAD1BE2C}.Debug|iPhone.Build.0 = Debug|iPhone
		{CDA469EE-1C67-4277-8F2F-8385DAD1BE2C}.Debug|iPhoneSimulator.ActiveCfg = Debug|iPhoneSimulator
		{CDA469EE-1C67-4277-8F2F-8385DAD1BE2C}.Debug|iPhoneSimulator.Build.0 = Debug|iPhoneSimulator
		{CDA469EE-1C67-4277-8F2F-8385DAD1BE2C}.Debug|x64.ActiveCfg = Debug|iPhone
		{CDA469EE-1C67-4277-8F2F-8385DAD1BE2C}.Debug|x86.ActiveCfg = Debug|iPhone
		{CDA469EE-1C67-4277-8F2F-8385DAD1BE2C}.Release|Any CPU.ActiveCfg = Release|iPhone
		{CDA469EE-1C67-4277-8F2F-8385DAD1BE2C}.Release|ARM.ActiveCfg = Release|iPhone
		{CDA469EE-1C67-4277-8F2F-8385DAD1BE2C}.Release|iPhone.ActiveCfg = Release|iPhone
		{CDA469EE-1C67-4277-8F2F-8385DAD1BE2C}.Release|iPhone.Build.0 = Release|iPhone
		{CDA469EE-1C67-4277-8F2F-8385DAD1BE2C}.Release|iPhoneSimulator.ActiveCfg = Release|iPhoneSimulator
		{CDA469EE-1C67-4277-8F2F-8385DAD1BE2C}.Release|iPhoneSimulator.Build.0 = Release|iPhoneSimulator
		{CDA469EE-1C67-4277-8F2F-8385DAD1BE2C}.Release|x64.ActiveCfg = Release|iPhone
		{CDA469EE-1C67-4277-8F2F-8385DAD1BE2C}.Release|x86.ActiveCfg = Release|iPhone
	EndGlobalSection
	GlobalSection(SolutionProperties) = preSolution
		HideSolutionNode = FALSE
	EndGlobalSection
EndGlobal
